
Microsoft Visual Studio Solution File, Format Version 12.00
# Visual Studio Version 17
VisualStudioVersion = 17.9.34622.214
MinimumVisualStudioVersion = 10.0.40219.1
Project("{FAE04EC0-301F-11D3-BF4B-00C04F79EFBC}") = "P05_FlowMechanisms", "P05_FlowMechanisms\P05_FlowMechanisms.csproj", "{7FE07EA0-51C2-4C33-8C90-15A59D48EE04}"
EndProject
Global
	GlobalSection(SolutionConfigurationPlatforms) = preSolution
		Debug|Any CPU = Debug|Any CPU
		Release|Any CPU = Release|Any CPU
	EndGlobalSection
	GlobalSection(ProjectConfigurationPlatforms) = postSolution
		{7FE07EA0-51C2-4C33-8C90-15A59D48EE04}.Debug|Any CPU.ActiveCfg = Debug|Any CPU
		{7FE07EA0-51C2-4C33-8C90-15A59D48EE04}.Debug|Any CPU.Build.0 = Debug|Any CPU
		{7FE07EA0-51C2-4C33-8C90-15A59D48EE04}.Release|Any CPU.ActiveCfg = Release|Any CPU
		{7FE07EA0-51C2-4C33-8C90-15A59D48EE04}.Release|Any CPU.Build.0 = Release|Any CPU
	EndGlobalSection
	GlobalSection(SolutionProperties) = preSolution
		HideSolutionNode = FALSE
	EndGlobalSection
	GlobalSection(ExtensibilityGlobals) = postSolution
		SolutionGuid = {AF5CDE2C-10C1-4EEE-8A82-BC46B386531D}
	EndGlobalSection
EndGlobal
